
Microsoft Visual Studio Solution File, Format Version 12.00
# Visual Studio Version 17
VisualStudioVersion = 17.0.31903.59
MinimumVisualStudioVersion = 10.0.40219.1
Project("{2150E333-8FDC-42A3-9474-1A3956D46DE8}") = "src", "src", "{9376F74D-8CC5-4E1E-81A7-580A352659A5}"
EndProject
Project("{2150E333-8FDC-42A3-9474-1A3956D46DE8}") = "test", "test", "{3B83CC8B-2B40-4A9D-9F33-95650D8DC8D3}"
EndProject
Project("{FAE04EC0-301F-11D3-BF4B-00C04F79EFBC}") = "UrlShortener.Api", "src\UrlShortener.Api\UrlShortener.Api.csproj", "{83FA06D1-4D61-470A-B7AD-0668D974EBD4}"
EndProject
Project("{FAE04EC0-301F-11D3-BF4B-00C04F79EFBC}") = "UrlShortener", "src\UrlShortener\UrlShortener.csproj", "{01BA8C93-D43A-4673-A44F-5E0F5B449148}"
EndProject
Project("{FAE04EC0-301F-11D3-BF4B-00C04F79EFBC}") = "UrlShortener.Tests", "test\UrlShortener.Tests\UrlShortener.Tests.csproj", "{2FC38BB9-8528-4282-AF47-FB37A4C38413}"
EndProject
Project("{E53339B2-1760-4266-BCC7-CA923CBCF16C}") = "docker-compose", "docker-compose.dcproj", "{B29FA484-A277-4CEA-A2E4-783AED6C8CBC}"
EndProject
Project("{FAE04EC0-301F-11D3-BF4B-00C04F79EFBC}") = "UrlShortener.Core", "src\UrlShortener.Core\UrlShortener.Core.csproj", "{C5AABB82-46B0-415F-AD52-04E826001F7D}"
EndProject
Project("{FAE04EC0-301F-11D3-BF4B-00C04F79EFBC}") = "UrlShortener.Database.MSSQL", "src\UrlShortener.Database.MSSQL\UrlShortener.Database.MSSQL.csproj", "{999826AE-B899-46A8-8F59-7EE7C8AFEE41}"
EndProject
Project("{FAE04EC0-301F-11D3-BF4B-00C04F79EFBC}") = "UrlShortener.Database.MySQL", "src\UrlShortener.Database.MySQL\UrlShortener.Database.MySQL.csproj", "{F8DCD8A4-B19A-488B-B2C9-45DC05B5B948}"
EndProject
Project("{FAE04EC0-301F-11D3-BF4B-00C04F79EFBC}") = "UrlShortener.Database.MongoDB", "src\UrlShortener.Database.MongoDB\UrlShortener.Database.MongoDB.csproj", "{4ED3DAC1-713E-42DE-B669-1A2D64AB41BB}"
EndProject
Global
	GlobalSection(SolutionConfigurationPlatforms) = preSolution
		Debug|Any CPU = Debug|Any CPU
		Release|Any CPU = Release|Any CPU
	EndGlobalSection
	GlobalSection(ProjectConfigurationPlatforms) = postSolution
		{83FA06D1-4D61-470A-B7AD-0668D974EBD4}.Debug|Any CPU.ActiveCfg = Debug|Any CPU
		{83FA06D1-4D61-470A-B7AD-0668D974EBD4}.Debug|Any CPU.Build.0 = Debug|Any CPU
		{83FA06D1-4D61-470A-B7AD-0668D974EBD4}.Release|Any CPU.ActiveCfg = Release|Any CPU
		{83FA06D1-4D61-470A-B7AD-0668D974EBD4}.Release|Any CPU.Build.0 = Release|Any CPU
		{01BA8C93-D43A-4673-A44F-5E0F5B449148}.Debug|Any CPU.ActiveCfg = Debug|Any CPU
		{01BA8C93-D43A-4673-A44F-5E0F5B449148}.Debug|Any CPU.Build.0 = Debug|Any CPU
		{01BA8C93-D43A-4673-A44F-5E0F5B449148}.Release|Any CPU.ActiveCfg = Release|Any CPU
		{01BA8C93-D43A-4673-A44F-5E0F5B449148}.Release|Any CPU.Build.0 = Release|Any CPU
		{2FC38BB9-8528-4282-AF47-FB37A4C38413}.Debug|Any CPU.ActiveCfg = Debug|Any CPU
		{2FC38BB9-8528-4282-AF47-FB37A4C38413}.Debug|Any CPU.Build.0 = Debug|Any CPU
		{2FC38BB9-8528-4282-AF47-FB37A4C38413}.Release|Any CPU.ActiveCfg = Release|Any CPU
		{2FC38BB9-8528-4282-AF47-FB37A4C38413}.Release|Any CPU.Build.0 = Release|Any CPU
		{B29FA484-A277-4CEA-A2E4-783AED6C8CBC}.Debug|Any CPU.ActiveCfg = Debug|Any CPU
		{B29FA484-A277-4CEA-A2E4-783AED6C8CBC}.Debug|Any CPU.Build.0 = Debug|Any CPU
		{B29FA484-A277-4CEA-A2E4-783AED6C8CBC}.Release|Any CPU.ActiveCfg = Release|Any CPU
		{B29FA484-A277-4CEA-A2E4-783AED6C8CBC}.Release|Any CPU.Build.0 = Release|Any CPU
		{C5AABB82-46B0-415F-AD52-04E826001F7D}.Debug|Any CPU.ActiveCfg = Debug|Any CPU
		{C5AABB82-46B0-415F-AD52-04E826001F7D}.Debug|Any CPU.Build.0 = Debug|Any CPU
		{C5AABB82-46B0-415F-AD52-04E826001F7D}.Release|Any CPU.ActiveCfg = Release|Any CPU
		{C5AABB82-46B0-415F-AD52-04E826001F7D}.Release|Any CPU.Build.0 = Release|Any CPU
		{999826AE-B899-46A8-8F59-7EE7C8AFEE41}.Debug|Any CPU.ActiveCfg = Debug|Any CPU
		{999826AE-B899-46A8-8F59-7EE7C8AFEE41}.Debug|Any CPU.Build.0 = Debug|Any CPU
		{999826AE-B899-46A8-8F59-7EE7C8AFEE41}.Release|Any CPU.ActiveCfg = Release|Any CPU
		{999826AE-B899-46A8-8F59-7EE7C8AFEE41}.Release|Any CPU.Build.0 = Release|Any CPU
		{F8DCD8A4-B19A-488B-B2C9-45DC05B5B948}.Debug|Any CPU.ActiveCfg = Debug|Any CPU
		{F8DCD8A4-B19A-488B-B2C9-45DC05B5B948}.Debug|Any CPU.Build.0 = Debug|Any CPU
		{F8DCD8A4-B19A-488B-B2C9-45DC05B5B948}.Release|Any CPU.ActiveCfg = Release|Any CPU
		{F8DCD8A4-B19A-488B-B2C9-45DC05B5B948}.Release|Any CPU.Build.0 = Release|Any CPU
		{4ED3DAC1-713E-42DE-B669-1A2D64AB41BB}.Debug|Any CPU.ActiveCfg = Debug|Any CPU
		{4ED3DAC1-713E-42DE-B669-1A2D64AB41BB}.Debug|Any CPU.Build.0 = Debug|Any CPU
		{4ED3DAC1-713E-42DE-B669-1A2D64AB41BB}.Release|Any CPU.ActiveCfg = Release|Any CPU
		{4ED3DAC1-713E-42DE-B669-1A2D64AB41BB}.Release|Any CPU.Build.0 = Release|Any CPU
	EndGlobalSection
	GlobalSection(SolutionProperties) = preSolution
		HideSolutionNode = FALSE
	EndGlobalSection
	GlobalSection(NestedProjects) = preSolution
		{83FA06D1-4D61-470A-B7AD-0668D974EBD4} = {9376F74D-8CC5-4E1E-81A7-580A352659A5}
		{01BA8C93-D43A-4673-A44F-5E0F5B449148} = {9376F74D-8CC5-4E1E-81A7-580A352659A5}
		{2FC38BB9-8528-4282-AF47-FB37A4C38413} = {3B83CC8B-2B40-4A9D-9F33-95650D8DC8D3}
		{C5AABB82-46B0-415F-AD52-04E826001F7D} = {9376F74D-8CC5-4E1E-81A7-580A352659A5}
		{999826AE-B899-46A8-8F59-7EE7C8AFEE41} = {9376F74D-8CC5-4E1E-81A7-580A352659A5}
		{F8DCD8A4-B19A-488B-B2C9-45DC05B5B948} = {9376F74D-8CC5-4E1E-81A7-580A352659A5}
		{4ED3DAC1-713E-42DE-B669-1A2D64AB41BB} = {9376F74D-8CC5-4E1E-81A7-580A352659A5}
	EndGlobalSection
EndGlobal
